
Microsoft Visual Studio Solution File, Format Version 12.00
# Visual Studio Version 17
VisualStudioVersion = 17.7.34031.279
MinimumVisualStudioVersion = 10.0.40219.1
Project("{9A19103F-16F7-4668-BE54-9A1E7A4F7556}") = "01_sum_of_two_numbers", "01.SumOfTwoNumbers\01_sum_of_two_numbers.csproj", "{EF490B62-0D19-4598-8027-D8B3495802F9}"
EndProject
Project("{9A19103F-16F7-4668-BE54-9A1E7A4F7556}") = "02_degree_to_radian", "02.DegreeToRadian\02_degree_to_radian.csproj", "{BA31015D-493F-4991-AC75-51BFE25D386A}"
EndProject
Global
	GlobalSection(SolutionConfigurationPlatforms) = preSolution
		Debug|Any CPU = Debug|Any CPU
		Release|Any CPU = Release|Any CPU
	EndGlobalSection
	GlobalSection(ProjectConfigurationPlatforms) = postSolution
		{EF490B62-0D19-4598-8027-D8B3495802F9}.Debug|Any CPU.ActiveCfg = Debug|Any CPU
		{EF490B62-0D19-4598-8027-D8B3495802F9}.Debug|Any CPU.Build.0 = Debug|Any CPU
		{EF490B62-0D19-4598-8027-D8B3495802F9}.Release|Any CPU.ActiveCfg = Release|Any CPU
		{EF490B62-0D19-4598-8027-D8B3495802F9}.Release|Any CPU.Build.0 = Release|Any CPU
		{BA31015D-493F-4991-AC75-51BFE25D386A}.Debug|Any CPU.ActiveCfg = Debug|Any CPU
		{BA31015D-493F-4991-AC75-51BFE25D386A}.Debug|Any CPU.Build.0 = Debug|Any CPU
		{BA31015D-493F-4991-AC75-51BFE25D386A}.Release|Any CPU.ActiveCfg = Release|Any CPU
		{BA31015D-493F-4991-AC75-51BFE25D386A}.Release|Any CPU.Build.0 = Release|Any CPU
	EndGlobalSection
	GlobalSection(SolutionProperties) = preSolution
		HideSolutionNode = FALSE
	EndGlobalSection
	GlobalSection(ExtensibilityGlobals) = postSolution
		SolutionGuid = {4B12F595-905D-4F61-9672-8FC46D1DDF68}
	EndGlobalSection
EndGlobal
